
Microsoft Visual Studio Solution File, Format Version 12.00
# Visual Studio Version 17
VisualStudioVersion = 17.0.31903.59
MinimumVisualStudioVersion = 10.0.40219.1
Project("{FAE04EC0-301F-11D3-BF4B-00C04F79EFBC}") = "gpxSlopeCalculator", "blazor\gpxSlopeCalculator.csproj", "{6A9961D0-29E6-4F4C-907E-30E80A053C52}"
EndProject
Project("{FAE04EC0-301F-11D3-BF4B-00C04F79EFBC}") = "test", "test\test.csproj", "{9DD98FFD-B5D9-4920-9AAD-D9A9E8A2D9D9}"
EndProject
Global
	GlobalSection(SolutionConfigurationPlatforms) = preSolution
		Debug|Any CPU = Debug|Any CPU
		Release|Any CPU = Release|Any CPU
	EndGlobalSection
	GlobalSection(SolutionProperties) = preSolution
		HideSolutionNode = FALSE
	EndGlobalSection
	GlobalSection(ProjectConfigurationPlatforms) = postSolution
		{6A9961D0-29E6-4F4C-907E-30E80A053C52}.Debug|Any CPU.ActiveCfg = Debug|Any CPU
		{6A9961D0-29E6-4F4C-907E-30E80A053C52}.Debug|Any CPU.Build.0 = Debug|Any CPU
		{6A9961D0-29E6-4F4C-907E-30E80A053C52}.Release|Any CPU.ActiveCfg = Release|Any CPU
		{6A9961D0-29E6-4F4C-907E-30E80A053C52}.Release|Any CPU.Build.0 = Release|Any CPU
		{9DD98FFD-B5D9-4920-9AAD-D9A9E8A2D9D9}.Debug|Any CPU.ActiveCfg = Debug|Any CPU
		{9DD98FFD-B5D9-4920-9AAD-D9A9E8A2D9D9}.Debug|Any CPU.Build.0 = Debug|Any CPU
		{9DD98FFD-B5D9-4920-9AAD-D9A9E8A2D9D9}.Release|Any CPU.ActiveCfg = Release|Any CPU
		{9DD98FFD-B5D9-4920-9AAD-D9A9E8A2D9D9}.Release|Any CPU.Build.0 = Release|Any CPU
	EndGlobalSection
EndGlobal
